
Microsoft Visual Studio Solution File, Format Version 12.00
# Visual Studio Version 16
VisualStudioVersion = 16.0.30621.155
MinimumVisualStudioVersion = 10.0.40219.1
Project("{FAE04EC0-301F-11D3-BF4B-00C04F79EFBC}") = "Alaa progect", "Alaa progect\Alaa progect.csproj", "{D2BE3E8C-3B97-44B5-BF78-3551EDB0806F}"
EndProject
Global
	GlobalSection(SolutionConfigurationPlatforms) = preSolution
		Debug|Any CPU = Debug|Any CPU
		Release|Any CPU = Release|Any CPU
	EndGlobalSection
	GlobalSection(ProjectConfigurationPlatforms) = postSolution
		{D2BE3E8C-3B97-44B5-BF78-3551EDB0806F}.Debug|Any CPU.ActiveCfg = Debug|Any CPU
		{D2BE3E8C-3B97-44B5-BF78-3551EDB0806F}.Debug|Any CPU.Build.0 = Debug|Any CPU
		{D2BE3E8C-3B97-44B5-BF78-3551EDB0806F}.Release|Any CPU.ActiveCfg = Release|Any CPU
		{D2BE3E8C-3B97-44B5-BF78-3551EDB0806F}.Release|Any CPU.Build.0 = Release|Any CPU
	EndGlobalSection
	GlobalSection(SolutionProperties) = preSolution
		HideSolutionNode = FALSE
	EndGlobalSection
	GlobalSection(ExtensibilityGlobals) = postSolution
		SolutionGuid = {88F7456F-C53A-4304-9E0B-69EFF3FCF787}
	EndGlobalSection
EndGlobal
